<?xml version="1.0" encoding="utf-8"?>
<Project ToolsVersion="4.0" xmlns="http://schemas.microsoft.com/developer/msbuild/2003">
  <ItemGroup>
    <Filter Include="Sources">
      <UniqueIdentifier>{8b7ed093-66ce-4096-96d2-fbb9faa4bf52}</UniqueIdentifier>
    </Filter>
    <Filter Include="Sources\Modules">
      <UniqueIdentifier>{7b418be2-1631-4a31-9ef2-8a8b234a7339}</UniqueIdentifier>
    </Filter>
    <Filter Include="Sources\Containers">
      <UniqueIdentifier>{afc36133-f401-499a-aa33-0da1e500fb52}</UniqueIdentifier>
    </Filter>
    <Filter Include="Sources\Tools">
      <UniqueIdentifier>{7e4dfaf7-022c-4f7d-92aa-f3b3fa9d6248}</UniqueIdentifier>
    </Filter>
    <Filter Include="Sources\Helpers">
      <UniqueIdentifier>{121f8e6b-df36-4ab0-be0d-601ddfc9e503}</UniqueIdentifier>
    </Filter>
    <Filter Include="Sources\ExternalLibs">
      <UniqueIdentifier>{10688717-604b-483f-8b57-c54c1f36744b}</UniqueIdentifier>
    </Filter>
    <Filter Include="Sources\ExternalLibs\ImGui">
      <UniqueIdentifier>{3d9850b6-71b1-4b03-b005-8fe48f9f47d2}</UniqueIdentifier>
    </Filter>
    <Filter Include="Sources\ExternalLibs\SDL">
      <UniqueIdentifier>{678ea632-a90a-4d88-93fa-3f1fcb59e0e2}</UniqueIdentifier>
    </Filter>
    <Filter Include="Sources\ExternalLibs\Glew">
      <UniqueIdentifier>{0cbf1458-3a96-490a-b867-1538ab388bf5}</UniqueIdentifier>
    </Filter>
  </ItemGroup>
  <ItemGroup>
    <ClInclude Include="Module.h">
      <Filter>Sources\Modules</Filter>
    </ClInclude>
    <ClInclude Include="ModuleCamera3D.h">
      <Filter>Sources\Modules</Filter>
    </ClInclude>
    <ClInclude Include="ModuleInput.h">
      <Filter>Sources\Modules</Filter>
    </ClInclude>
    <ClInclude Include="ModuleRenderer3D.h">
      <Filter>Sources\Modules</Filter>
    </ClInclude>
    <ClInclude Include="ModuleWindow.h">
      <Filter>Sources\Modules</Filter>
    </ClInclude>
    <ClInclude Include="glmath.h">
      <Filter>Sources\Containers</Filter>
    </ClInclude>
    <ClInclude Include="Application.h">
      <Filter>Sources</Filter>
    </ClInclude>
    <ClInclude Include="Globals.h">
      <Filter>Sources</Filter>
    </ClInclude>
    <ClInclude Include="Primitive.h">
      <Filter>Sources\Helpers</Filter>
    </ClInclude>
    <ClInclude Include="Color.h">
      <Filter>Sources\Containers</Filter>
    </ClInclude>
    <ClInclude Include="Light.h">
      <Filter>Sources\Helpers</Filter>
    </ClInclude>
    <ClInclude Include="Timer.h">
      <Filter>Sources\Tools</Filter>
    </ClInclude>
    <ClInclude Include="ImGui\backends\imgui_impl_opengl3.h">
      <Filter>Sources\ExternalLibs\ImGui</Filter>
    </ClInclude>
    <ClInclude Include="ImGui\backends\imgui_impl_opengl3_loader.h">
      <Filter>Sources\ExternalLibs\ImGui</Filter>
    </ClInclude>
    <ClInclude Include="ImGui\backends\imgui_impl_sdl.h">
      <Filter>Sources\ExternalLibs\ImGui</Filter>
    </ClInclude>
    <ClInclude Include="ImGui\imconfig.h">
      <Filter>Sources\ExternalLibs\ImGui</Filter>
    </ClInclude>
    <ClInclude Include="ImGui\imgui.h">
      <Filter>Sources\ExternalLibs\ImGui</Filter>
    </ClInclude>
    <ClInclude Include="ImGui\imgui_internal.h">
      <Filter>Sources\ExternalLibs\ImGui</Filter>
    </ClInclude>
    <ClInclude Include="ImGui\imstb_rectpack.h">
      <Filter>Sources\ExternalLibs\ImGui</Filter>
    </ClInclude>
    <ClInclude Include="ImGui\imstb_textedit.h">
      <Filter>Sources\ExternalLibs\ImGui</Filter>
    </ClInclude>
    <ClInclude Include="ImGui\imstb_truetype.h">
      <Filter>Sources\ExternalLibs\ImGui</Filter>
    </ClInclude>
    <ClInclude Include="SDL\include\begin_code.h">
      <Filter>Sources\ExternalLibs\SDL</Filter>
    </ClInclude>
    <ClInclude Include="SDL\include\close_code.h">
      <Filter>Sources\ExternalLibs\SDL</Filter>
    </ClInclude>
    <ClInclude Include="SDL\include\SDL.h">
      <Filter>Sources\ExternalLibs\SDL</Filter>
    </ClInclude>
    <ClInclude Include="SDL\include\SDL_assert.h">
      <Filter>Sources\ExternalLibs\SDL</Filter>
    </ClInclude>
    <ClInclude Include="SDL\include\SDL_atomic.h">
      <Filter>Sources\ExternalLibs\SDL</Filter>
    </ClInclude>
    <ClInclude Include="SDL\include\SDL_audio.h">
      <Filter>Sources\ExternalLibs\SDL</Filter>
    </ClInclude>
    <ClInclude Include="SDL\include\SDL_bits.h">
      <Filter>Sources\ExternalLibs\SDL</Filter>
    </ClInclude>
    <ClInclude Include="SDL\include\SDL_blendmode.h">
      <Filter>Sources\ExternalLibs\SDL</Filter>
    </ClInclude>
    <ClInclude Include="SDL\include\SDL_clipboard.h">
      <Filter>Sources\ExternalLibs\SDL</Filter>
    </ClInclude>
    <ClInclude Include="SDL\include\SDL_config.h">
      <Filter>Sources\ExternalLibs\SDL</Filter>
    </ClInclude>
    <ClInclude Include="SDL\include\SDL_copying.h">
      <Filter>Sources\ExternalLibs\SDL</Filter>
    </ClInclude>
    <ClInclude Include="SDL\include\SDL_cpuinfo.h">
      <Filter>Sources\ExternalLibs\SDL</Filter>
    </ClInclude>
    <ClInclude Include="SDL\include\SDL_egl.h">
      <Filter>Sources\ExternalLibs\SDL</Filter>
    </ClInclude>
    <ClInclude Include="SDL\include\SDL_endian.h">
      <Filter>Sources\ExternalLibs\SDL</Filter>
    </ClInclude>
    <ClInclude Include="SDL\include\SDL_error.h">
      <Filter>Sources\ExternalLibs\SDL</Filter>
    </ClInclude>
    <ClInclude Include="SDL\include\SDL_events.h">
      <Filter>Sources\ExternalLibs\SDL</Filter>
    </ClInclude>
    <ClInclude Include="SDL\include\SDL_filesystem.h">
      <Filter>Sources\ExternalLibs\SDL</Filter>
    </ClInclude>
    <ClInclude Include="SDL\include\SDL_gamecontroller.h">
      <Filter>Sources\ExternalLibs\SDL</Filter>
    </ClInclude>
    <ClInclude Include="SDL\include\SDL_gesture.h">
      <Filter>Sources\ExternalLibs\SDL</Filter>
    </ClInclude>
    <ClInclude Include="SDL\include\SDL_guid.h">
      <Filter>Sources\ExternalLibs\SDL</Filter>
    </ClInclude>
    <ClInclude Include="SDL\include\SDL_haptic.h">
      <Filter>Sources\ExternalLibs\SDL</Filter>
    </ClInclude>
    <ClInclude Include="SDL\include\SDL_hidapi.h">
      <Filter>Sources\ExternalLibs\SDL</Filter>
    </ClInclude>
    <ClInclude Include="SDL\include\SDL_hints.h">
      <Filter>Sources\ExternalLibs\SDL</Filter>
    </ClInclude>
    <ClInclude Include="SDL\include\SDL_joystick.h">
      <Filter>Sources\ExternalLibs\SDL</Filter>
    </ClInclude>
    <ClInclude Include="SDL\include\SDL_keyboard.h">
      <Filter>Sources\ExternalLibs\SDL</Filter>
    </ClInclude>
    <ClInclude Include="SDL\include\SDL_keycode.h">
      <Filter>Sources\ExternalLibs\SDL</Filter>
    </ClInclude>
    <ClInclude Include="SDL\include\SDL_loadso.h">
      <Filter>Sources\ExternalLibs\SDL</Filter>
    </ClInclude>
    <ClInclude Include="SDL\include\SDL_locale.h">
      <Filter>Sources\ExternalLibs\SDL</Filter>
    </ClInclude>
    <ClInclude Include="SDL\include\SDL_log.h">
      <Filter>Sources\ExternalLibs\SDL</Filter>
    </ClInclude>
    <ClInclude Include="SDL\include\SDL_main.h">
      <Filter>Sources\ExternalLibs\SDL</Filter>
    </ClInclude>
    <ClInclude Include="SDL\include\SDL_messagebox.h">
      <Filter>Sources\ExternalLibs\SDL</Filter>
    </ClInclude>
    <ClInclude Include="SDL\include\SDL_metal.h">
      <Filter>Sources\ExternalLibs\SDL</Filter>
    </ClInclude>
    <ClInclude Include="SDL\include\SDL_misc.h">
      <Filter>Sources\ExternalLibs\SDL</Filter>
    </ClInclude>
    <ClInclude Include="SDL\include\SDL_mouse.h">
      <Filter>Sources\ExternalLibs\SDL</Filter>
    </ClInclude>
    <ClInclude Include="SDL\include\SDL_mutex.h">
      <Filter>Sources\ExternalLibs\SDL</Filter>
    </ClInclude>
    <ClInclude Include="SDL\include\SDL_name.h">
      <Filter>Sources\ExternalLibs\SDL</Filter>
    </ClInclude>
    <ClInclude Include="SDL\include\SDL_opengl.h">
      <Filter>Sources\ExternalLibs\SDL</Filter>
    </ClInclude>
    <ClInclude Include="SDL\include\SDL_opengles.h">
      <Filter>Sources\ExternalLibs\SDL</Filter>
    </ClInclude>
    <ClInclude Include="SDL\include\SDL_opengles2.h">
      <Filter>Sources\ExternalLibs\SDL</Filter>
    </ClInclude>
    <ClInclude Include="SDL\include\SDL_opengles2_gl2.h">
      <Filter>Sources\ExternalLibs\SDL</Filter>
    </ClInclude>
    <ClInclude Include="SDL\include\SDL_opengles2_gl2ext.h">
      <Filter>Sources\ExternalLibs\SDL</Filter>
    </ClInclude>
    <ClInclude Include="SDL\include\SDL_opengles2_gl2platform.h">
      <Filter>Sources\ExternalLibs\SDL</Filter>
    </ClInclude>
    <ClInclude Include="SDL\include\SDL_opengles2_khrplatform.h">
      <Filter>Sources\ExternalLibs\SDL</Filter>
    </ClInclude>
    <ClInclude Include="SDL\include\SDL_opengl_glext.h">
      <Filter>Sources\ExternalLibs\SDL</Filter>
    </ClInclude>
    <ClInclude Include="SDL\include\SDL_pixels.h">
      <Filter>Sources\ExternalLibs\SDL</Filter>
    </ClInclude>
    <ClInclude Include="SDL\include\SDL_platform.h">
      <Filter>Sources\ExternalLibs\SDL</Filter>
    </ClInclude>
    <ClInclude Include="SDL\include\SDL_power.h">
      <Filter>Sources\ExternalLibs\SDL</Filter>
    </ClInclude>
    <ClInclude Include="SDL\include\SDL_quit.h">
      <Filter>Sources\ExternalLibs\SDL</Filter>
    </ClInclude>
    <ClInclude Include="SDL\include\SDL_rect.h">
      <Filter>Sources\ExternalLibs\SDL</Filter>
    </ClInclude>
    <ClInclude Include="SDL\include\SDL_render.h">
      <Filter>Sources\ExternalLibs\SDL</Filter>
    </ClInclude>
    <ClInclude Include="SDL\include\SDL_revision.h">
      <Filter>Sources\ExternalLibs\SDL</Filter>
    </ClInclude>
    <ClInclude Include="SDL\include\SDL_rwops.h">
      <Filter>Sources\ExternalLibs\SDL</Filter>
    </ClInclude>
    <ClInclude Include="SDL\include\SDL_scancode.h">
      <Filter>Sources\ExternalLibs\SDL</Filter>
    </ClInclude>
    <ClInclude Include="SDL\include\SDL_sensor.h">
      <Filter>Sources\ExternalLibs\SDL</Filter>
    </ClInclude>
    <ClInclude Include="SDL\include\SDL_shape.h">
      <Filter>Sources\ExternalLibs\SDL</Filter>
    </ClInclude>
    <ClInclude Include="SDL\include\SDL_stdinc.h">
      <Filter>Sources\ExternalLibs\SDL</Filter>
    </ClInclude>
    <ClInclude Include="SDL\include\SDL_surface.h">
      <Filter>Sources\ExternalLibs\SDL</Filter>
    </ClInclude>
    <ClInclude Include="SDL\include\SDL_system.h">
      <Filter>Sources\ExternalLibs\SDL</Filter>
    </ClInclude>
    <ClInclude Include="SDL\include\SDL_syswm.h">
      <Filter>Sources\ExternalLibs\SDL</Filter>
    </ClInclude>
    <ClInclude Include="SDL\include\SDL_test.h">
      <Filter>Sources\ExternalLibs\SDL</Filter>
    </ClInclude>
    <ClInclude Include="SDL\include\SDL_test_assert.h">
      <Filter>Sources\ExternalLibs\SDL</Filter>
    </ClInclude>
    <ClInclude Include="SDL\include\SDL_test_common.h">
      <Filter>Sources\ExternalLibs\SDL</Filter>
    </ClInclude>
    <ClInclude Include="SDL\include\SDL_test_compare.h">
      <Filter>Sources\ExternalLibs\SDL</Filter>
    </ClInclude>
    <ClInclude Include="SDL\include\SDL_test_crc32.h">
      <Filter>Sources\ExternalLibs\SDL</Filter>
    </ClInclude>
    <ClInclude Include="SDL\include\SDL_test_font.h">
      <Filter>Sources\ExternalLibs\SDL</Filter>
    </ClInclude>
    <ClInclude Include="SDL\include\SDL_test_fuzzer.h">
      <Filter>Sources\ExternalLibs\SDL</Filter>
    </ClInclude>
    <ClInclude Include="SDL\include\SDL_test_harness.h">
      <Filter>Sources\ExternalLibs\SDL</Filter>
    </ClInclude>
    <ClInclude Include="SDL\include\SDL_test_images.h">
      <Filter>Sources\ExternalLibs\SDL</Filter>
    </ClInclude>
    <ClInclude Include="SDL\include\SDL_test_log.h">
      <Filter>Sources\ExternalLibs\SDL</Filter>
    </ClInclude>
    <ClInclude Include="SDL\include\SDL_test_md5.h">
      <Filter>Sources\ExternalLibs\SDL</Filter>
    </ClInclude>
    <ClInclude Include="SDL\include\SDL_test_memory.h">
      <Filter>Sources\ExternalLibs\SDL</Filter>
    </ClInclude>
    <ClInclude Include="SDL\include\SDL_test_random.h">
      <Filter>Sources\ExternalLibs\SDL</Filter>
    </ClInclude>
    <ClInclude Include="SDL\include\SDL_thread.h">
      <Filter>Sources\ExternalLibs\SDL</Filter>
    </ClInclude>
    <ClInclude Include="SDL\include\SDL_timer.h">
      <Filter>Sources\ExternalLibs\SDL</Filter>
    </ClInclude>
    <ClInclude Include="SDL\include\SDL_touch.h">
      <Filter>Sources\ExternalLibs\SDL</Filter>
    </ClInclude>
    <ClInclude Include="SDL\include\SDL_types.h">
      <Filter>Sources\ExternalLibs\SDL</Filter>
    </ClInclude>
    <ClInclude Include="SDL\include\SDL_version.h">
      <Filter>Sources\ExternalLibs\SDL</Filter>
    </ClInclude>
    <ClInclude Include="SDL\include\SDL_video.h">
      <Filter>Sources\ExternalLibs\SDL</Filter>
    </ClInclude>
    <ClInclude Include="SDL\include\SDL_vulkan.h">
      <Filter>Sources\ExternalLibs\SDL</Filter>
    </ClInclude>
    <ClInclude Include="Glew\include\eglew.h">
      <Filter>Sources\ExternalLibs\Glew</Filter>
    </ClInclude>
    <ClInclude Include="Glew\include\glew.h">
      <Filter>Sources\ExternalLibs\Glew</Filter>
    </ClInclude>
    <ClInclude Include="Glew\include\glxew.h">
      <Filter>Sources\ExternalLibs\Glew</Filter>
    </ClInclude>
    <ClInclude Include="Glew\include\wglew.h">
      <Filter>Sources\ExternalLibs\Glew</Filter>
    </ClInclude>
    <ClInclude Include="imguiMenu.h">
      <Filter>Sources\Modules</Filter>
    </ClInclude>
  </ItemGroup>
  <ItemGroup>
    <ClCompile Include="ModuleCamera3D.cpp">
      <Filter>Sources\Modules</Filter>
    </ClCompile>
    <ClCompile Include="ModuleInput.cpp">
      <Filter>Sources\Modules</Filter>
    </ClCompile>
    <ClCompile Include="ModuleRenderer3D.cpp">
      <Filter>Sources\Modules</Filter>
    </ClCompile>
    <ClCompile Include="ModuleWindow.cpp">
      <Filter>Sources\Modules</Filter>
    </ClCompile>
    <ClCompile Include="log.cpp">
      <Filter>Sources\Tools</Filter>
    </ClCompile>
    <ClCompile Include="Timer.cpp">
      <Filter>Sources\Tools</Filter>
    </ClCompile>
    <ClCompile Include="Application.cpp">
      <Filter>Sources</Filter>
    </ClCompile>
    <ClCompile Include="Main.cpp">
      <Filter>Sources</Filter>
    </ClCompile>
    <ClCompile Include="glmath.cpp">
      <Filter>Sources\Containers</Filter>
    </ClCompile>
    <ClCompile Include="Primitive.cpp">
      <Filter>Sources\Helpers</Filter>
    </ClCompile>
    <ClCompile Include="Color.cpp">
      <Filter>Sources\Containers</Filter>
    </ClCompile>
    <ClCompile Include="Light.cpp">
      <Filter>Sources\Helpers</Filter>
    </ClCompile>
    <ClCompile Include="ImGui\backends\imgui_impl_opengl3.cpp">
      <Filter>Sources\ExternalLibs\ImGui</Filter>
    </ClCompile>
    <ClCompile Include="ImGui\backends\imgui_impl_sdl.cpp">
      <Filter>Sources\ExternalLibs\ImGui</Filter>
    </ClCompile>
    <ClCompile Include="ImGui\imgui.cpp">
      <Filter>Sources\ExternalLibs\ImGui</Filter>
    </ClCompile>
    <ClCompile Include="ImGui\imgui_demo.cpp">
      <Filter>Sources\ExternalLibs\ImGui</Filter>
    </ClCompile>
    <ClCompile Include="ImGui\imgui_draw.cpp">
      <Filter>Sources\ExternalLibs\ImGui</Filter>
    </ClCompile>
    <ClCompile Include="ImGui\imgui_tables.cpp">
      <Filter>Sources\ExternalLibs\ImGui</Filter>
    </ClCompile>
    <ClCompile Include="ImGui\imgui_widgets.cpp">
      <Filter>Sources\ExternalLibs\ImGui</Filter>
    </ClCompile>
    <ClCompile Include="imguiMenu.cpp">
      <Filter>Sources\Modules</Filter>
    </ClCompile>
  </ItemGroup>
</Project>